
Microsoft Visual Studio Solution File, Format Version 12.00
# Visual Studio Version 16
VisualStudioVersion = 16.0.35425.106
MinimumVisualStudioVersion = 10.0.40219.1
Project("{FAE04EC0-301F-11D3-BF4B-00C04F79EFBC}") = "AES-CHAT", "AES-CHAT\AES-CHAT.csproj", "{415E5EED-6B58-4E85-A119-9EEC88229F3A}"
EndProject
Project("{FAE04EC0-301F-11D3-BF4B-00C04F79EFBC}") = "AES-CHAT-server", "AES-CHAT-server\AES-CHAT-server.csproj", "{4C762523-948C-48A8-AE89-8CF110D072EB}"
EndProject
Global
	GlobalSection(SolutionConfigurationPlatforms) = preSolution
		Debug|Any CPU = Debug|Any CPU
		Release|Any CPU = Release|Any CPU
	EndGlobalSection
	GlobalSection(ProjectConfigurationPlatforms) = postSolution
		{415E5EED-6B58-4E85-A119-9EEC88229F3A}.Debug|Any CPU.ActiveCfg = Debug|Any CPU
		{415E5EED-6B58-4E85-A119-9EEC88229F3A}.Debug|Any CPU.Build.0 = Debug|Any CPU
		{415E5EED-6B58-4E85-A119-9EEC88229F3A}.Release|Any CPU.ActiveCfg = Release|Any CPU
		{415E5EED-6B58-4E85-A119-9EEC88229F3A}.Release|Any CPU.Build.0 = Release|Any CPU
		{4C762523-948C-48A8-AE89-8CF110D072EB}.Debug|Any CPU.ActiveCfg = Debug|Any CPU
		{4C762523-948C-48A8-AE89-8CF110D072EB}.Debug|Any CPU.Build.0 = Debug|Any CPU
		{4C762523-948C-48A8-AE89-8CF110D072EB}.Release|Any CPU.ActiveCfg = Release|Any CPU
		{4C762523-948C-48A8-AE89-8CF110D072EB}.Release|Any CPU.Build.0 = Release|Any CPU
	EndGlobalSection
	GlobalSection(SolutionProperties) = preSolution
		HideSolutionNode = FALSE
	EndGlobalSection
	GlobalSection(ExtensibilityGlobals) = postSolution
		SolutionGuid = {0DF44FDD-11F2-4618-9612-B6B739C072D5}
	EndGlobalSection
EndGlobal
